
Microsoft Visual Studio Solution File, Format Version 12.00
# Visual Studio Version 16
VisualStudioVersion = 16.0.30621.155
MinimumVisualStudioVersion = 10.0.40219.1
Project("{FAE04EC0-301F-11D3-BF4B-00C04F79EFBC}") = "420-N33-LA_Contact_Manager", "420-N33-LA_Contact_Manager\420-N33-LA_Contact_Manager.csproj", "{408C6DFE-E6F3-4EE8-B0DC-084C3CFE8ACB}"
EndProject
Global
	GlobalSection(SolutionConfigurationPlatforms) = preSolution
		Debug|Any CPU = Debug|Any CPU
		Release|Any CPU = Release|Any CPU
	EndGlobalSection
	GlobalSection(ProjectConfigurationPlatforms) = postSolution
		{408C6DFE-E6F3-4EE8-B0DC-084C3CFE8ACB}.Debug|Any CPU.ActiveCfg = Debug|Any CPU
		{408C6DFE-E6F3-4EE8-B0DC-084C3CFE8ACB}.Debug|Any CPU.Build.0 = Debug|Any CPU
		{408C6DFE-E6F3-4EE8-B0DC-084C3CFE8ACB}.Release|Any CPU.ActiveCfg = Release|Any CPU
		{408C6DFE-E6F3-4EE8-B0DC-084C3CFE8ACB}.Release|Any CPU.Build.0 = Release|Any CPU
	EndGlobalSection
	GlobalSection(SolutionProperties) = preSolution
		HideSolutionNode = FALSE
	EndGlobalSection
	GlobalSection(ExtensibilityGlobals) = postSolution
		SolutionGuid = {3E705C6A-C658-4A19-8B46-5BFA23C3A7EB}
	EndGlobalSection
EndGlobal
